{
  "name": "behalfid-webhook-receiver",
  "version": "0.1.0",
  "lockfileVersion": 3,
  "requires": true,
  "packages": {
    "": {
      "name": "behalfid-webhook-receiver",
      "version": "0.1.0",
      "dependencies": {
        "@behalfid/sdk": "^0.2.3"
      },
      "engines": {
        "node": ">=18"
      }
    },
    "node_modules/@behalfid/sdk": {
      "version": "0.2.3",
      "resolved": "https://registry.npmjs.org/@behalfid/sdk/-/sdk-0.2.3.tgz",
      "integrity": "sha512-r2LSihNIARo073k6yeSRfhE2Q59aQwsH1gysPNZg93kXA7mPdjUQa5uJZXT3RhTIU2f85WFwKjB85rz6kagLaA==",
      "license": "MIT",
      "engines": {
        "node": ">=18"
      }
    }
  }
}
